PODS:
  - Alamofire (4.2.0)
  - Eureka (2.0.0-beta.1)
  - FSCalendar (2.6.0)
  - SwiftyJSON (3.1.4)

DEPENDENCIES:
  - Alamofire
  - Eureka (~> 2.0.0-beta.1)
  - FSCalendar
  - SwiftyJSON

SPEC CHECKSUMS:
  Alamofire: aa2e09d871c9160ac53c90e83c68064a94e3dfbe
  Eureka: d014adf16406745e1a78d5790ea37ed130a0a8e5
  FSCalendar: c00fa5f4c3ec343ee6f7b804ae19322e9898bb84
  SwiftyJSON: c2842d878f95482ffceec5709abc3d05680c0220

PODFILE CHECKSUM: 6f248bcb4e78b106533abe8726fcae7f0b55e8b4

COCOAPODS: 1.1.1
